// !$*UTF8*$!
{
	archiveVersion = 1;
	classes = {
	};
	objectVersion = 77;
	objects = {

/* Begin PBXBuildFile section */
		B3700D9A30369F99007D84B4 /* Drum3.caf in Resources */ = {isa = PBXBuildFile; fileRef = B3700D9330369F99007D84B4 /* Drum3.caf */; };
		B3700D9B30369F99007D84B4 /* Drum1.caf in Resources */ = {isa = PBXBuildFile; fileRef = B3700D9430369F99007D84B4 /* Drum1.caf */; };
		B3700D9C30369F99007D84B4 /* Drum2.caf in Resources */ = {isa = PBXBuildFile; fileRef = B3700D9530369F99007D84B4 /* Drum2.caf */; };
		B3700D9D30369F99007D84B4 /* Drink4.caf in Resources */ = {isa = PBXBuildFile; fileRef = B3700D9630369F99007D84B4 /* Drink4.caf */; };
		B3700D9E30369F99007D84B4 /* Drink3.caf in Resources */ = {isa = PBXBuildFile; fileRef = B3700D9730369F99007D84B4 /* Drink3.caf */; };
		B3700D9F30369F99007D84B4 /* Drink1.caf in Resources */ = {isa = PBXBuildFile; fileRef = B3700D9830369F99007D84B4 /* Drink1.caf */; };
		B3700DA030369F99007D84B4 /* Drink2.caf in Resources */ = {isa = PBXBuildFile; fileRef = B3700D9930369F99007D84B4 /* Drink2.caf */; };
/* End PBXBuildFile section */

/* Begin PBXContainerItemProxy section */
		B33723883033FA91004E3347 /* PBXContainerItemProxy */ = {
			isa = PBXContainerItemProxy;
			containerPortal = B33723723033FA8F004E3347 /* Project object */;
			proxyType = 1;
			remoteGlobalIDString = B33723793033FA8F004E3347;
			remoteInfo = "Drink More Water";
		};
		B33723923033FA91004E3347 /* PBXContainerItemProxy */ = {
			isa = PBXContainerItemProxy;
			containerPortal = B33723723033FA8F004E3347 /* Project object */;
			proxyType = 1;
			remoteGlobalIDString = B33723793033FA8F004E3347;
			remoteInfo = "Drink More Water";
		};
/* End PBXContainerItemProxy section */

/* Begin PBXFileReference section */
		B337237A3033FA8F004E3347 /* Drink More Water.app */ = {isa = PBXFileReference; explicitFileType = wrapper.application; includeInIndex = 0; path = "Drink More Water.app"; sourceTree = BUILT_PRODUCTS_DIR; };
		B33723873033FA91004E3347 /* Drink More WaterTests.xctest */ = {isa = PBXFileReference; explicitFileType = wrapper.cfbundle; includeInIndex = 0; path = "Drink More WaterTests.xctest"; sourceTree = BUILT_PRODUCTS_DIR; };
		B33723913033FA91004E3347 /* Drink More WaterUITests.xctest */ = {isa = PBXFileReference; explicitFileType = wrapper.cfbundle; includeInIndex = 0; path = "Drink More WaterUITests.xctest"; sourceTree = BUILT_PRODUCTS_DIR; };
		B35C78863035371E0073FFAD /* Drink More Water.xctestplan */ = {isa = PBXFileReference; lastKnownFileType = text; path = "Drink More Water.xctestplan"; sourceTree = "<group>"; };
		B3700D9330369F99007D84B4 /* Drum3.caf */ = {isa = PBXFileReference; lastKnownFileType = file; name = Drum3.caf; path = audio/Small/Drum3.caf; sourceTree = "<group>"; };
		B3700D9430369F99007D84B4 /* Drum1.caf */ = {isa = PBXFileReference; lastKnownFileType = file; name = Drum1.caf; path = audio/Small/Drum1.caf; sourceTree = "<group>"; };
		B3700D9530369F99007D84B4 /* Drum2.caf */ = {isa = PBXFileReference; lastKnownFileType = file; name = Drum2.caf; path = audio/Small/Drum2.caf; sourceTree = "<group>"; };
		B3700D9630369F99007D84B4 /* Drink4.caf */ = {isa = PBXFileReference; lastKnownFileType = file; name = Drink4.caf; path = audio/Small/Drink4.caf; sourceTree = "<group>"; };
		B3700D9730369F99007D84B4 /* Drink3.caf */ = {isa = PBXFileReference; lastKnownFileType = file; name = Drink3.caf; path = audio/Small/Drink3.caf; sourceTree = "<group>"; };
		B3700D9830369F99007D84B4 /* Drink1.caf */ = {isa = PBXFileReference; lastKnownFileType = file; name = Drink1.caf; path = audio/Small/Drink1.caf; sourceTree = "<group>"; };
		B3700D9930369F99007D84B4 /* Drink2.caf */ = {isa = PBXFileReference; lastKnownFileType = file; name = Drink2.caf; path = audio/Small/Drink2.caf; sourceTree = "<group>"; };
/* End PBXFileReference section */

/* Begin PBXFileSystemSynchronizedRootGroup section */
		B337237C3033FA8F004E3347 /* Drink More Water */ = {
			isa = PBXFileSystemSynchronizedRootGroup;
			path = "Drink More Water";
			sourceTree = "<group>";
		};
		B337238A3033FA91004E3347 /* Drink More WaterTests */ = {
			isa = PBXFileSystemSynchronizedRootGroup;
			path = "Drink More WaterTests";
			sourceTree = "<group>";
		};
		B33723943033FA91004E3347 /* Drink More WaterUITests */ = {
			isa = PBXFileSystemSynchronizedRootGroup;
			path = "Drink More WaterUITests";
			sourceTree = "<group>";
		};
/* End PBXFileSystemSynchronizedRootGroup section */

/* Begin PBXFrameworksBuildPhase section */
		B33723773033FA8F004E3347 /* Frameworks */ = {
			isa = PBXFrameworksBuildPhase;
			buildActionMask = 2147483647;
			files = (
			);
			runOnlyForDeploymentPostprocessing = 0;
		};
		B33723843033FA91004E3347 /* Frameworks */ = {
			isa = PBXFrameworksBuildPhase;
			buildActionMask = 2147483647;
			files = (
			);
			runOnlyForDeploymentPostprocessing = 0;
		};
		B337238E3033FA91004E3347 /* Frameworks */ = {
			isa = PBXFrameworksBuildPhase;
			buildActionMask = 2147483647;
			files = (
			);
			runOnlyForDeploymentPostprocessing = 0;
		};
/* End PBXFrameworksBuildPhase section */

/* Begin PBXGroup section */
		B33723713033FA8F004E3347 = {
			isa = PBXGroup;
			children = (
				B3700D9830369F99007D84B4 /* Drink1.caf */,
				B3700D9930369F99007D84B4 /* Drink2.caf */,
				B3700D9730369F99007D84B4 /* Drink3.caf */,
				B3700D9630369F99007D84B4 /* Drink4.caf */,
				B3700D9430369F99007D84B4 /* Drum1.caf */,
				B3700D9530369F99007D84B4 /* Drum2.caf */,
				B3700D9330369F99007D84B4 /* Drum3.caf */,
				B35C78863035371E0073FFAD /* Drink More Water.xctestplan */,
				B337237C3033FA8F004E3347 /* Drink More Water */,
				B337238A3033FA91004E3347 /* Drink More WaterTests */,
				B33723943033FA91004E3347 /* Drink More WaterUITests */,
				B337237B3033FA8F004E3347 /* Products */,
			);
			sourceTree = "<group>";
		};
		B337237B3033FA8F004E3347 /* Products */ = {
			isa = PBXGroup;
			children = (
				B337237A3033FA8F004E3347 /* Drink More Water.app */,
				B33723873033FA91004E3347 /* Drink More WaterTests.xctest */,
				B33723913033FA91004E3347 /* Drink More WaterUITests.xctest */,
			);
			name = Products;
			sourceTree = "<group>";
		};
/* End PBXGroup section */

/* Begin PBXNativeTarget section */
		B33723793033FA8F004E3347 /* Drink More Water */ = {
			isa = PBXNativeTarget;
			buildConfigurationList = B337239B3033FA91004E3347 /* Build configuration list for PBXNativeTarget "Drink More Water" */;
			buildPhases = (
				B33723763033FA8F004E3347 /* Sources */,
				B33723773033FA8F004E3347 /* Frameworks */,
				B33723783033FA8F004E3347 /* Resources */,
			);
			buildRules = (
			);
			dependencies = (
			);
			fileSystemSynchronizedGroups = (
				B337237C3033FA8F004E3347 /* Drink More Water */,
			);
			name = "Drink More Water";
			packageProductDependencies = (
			);
			productName = "Drink More Water";
			productReference = B337237A3033FA8F004E3347 /* Drink More Water.app */;
			productType = "com.apple.product-type.application";
		};
		B33723863033FA91004E3347 /* Drink More WaterTests */ = {
			isa = PBXNativeTarget;
			buildConfigurationList = B337239E3033FA91004E3347 /* Build configuration list for PBXNativeTarget "Drink More WaterTests" */;
			buildPhases = (
				B33723833033FA91004E3347 /* Sources */,
				B33723843033FA91004E3347 /* Frameworks */,
				B33723853033FA91004E3347 /* Resources */,
			);
			buildRules = (
			);
			dependencies = (
				B33723893033FA91004E3347 /* PBXTargetDependency */,
			);
			fileSystemSynchronizedGroups = (
				B337238A3033FA91004E3347 /* Drink More WaterTests */,
			);
			name = "Drink More WaterTests";
			packageProductDependencies = (
			);
			productName = "Drink More WaterTests";
			productReference = B33723873033FA91004E3347 /* Drink More WaterTests.xctest */;
			productType = "com.apple.product-type.bundle.unit-test";
		};
		B33723903033FA91004E3347 /* Drink More WaterUITests */ = {
			isa = PBXNativeTarget;
			buildConfigurationList = B33723A13033FA91004E3347 /* Build configuration list for PBXNativeTarget "Drink More WaterUITests" */;
			buildPhases = (
				B337238D3033FA91004E3347 /* Sources */,
				B337238E3033FA91004E3347 /* Frameworks */,
				B337238F3033FA91004E3347 /* Resources */,
			);
			buildRules = (
			);
			dependencies = (
				B33723933033FA91004E3347 /* PBXTargetDependency */,
			);
			fileSystemSynchronizedGroups = (
				B33723943033FA91004E3347 /* Drink More WaterUITests */,
			);
			name = "Drink More WaterUITests";
			packageProductDependencies = (
			);
			productName = "Drink More WaterUITests";
			productReference = B33723913033FA91004E3347 /* Drink More WaterUITests.xctest */;
			productType = "com.apple.product-type.bundle.ui-testing";
		};
/* End PBXNativeTarget section */

/* Begin PBXProject section */
		B33723723033FA8F004E3347 /* Project object */ = {
			isa = PBXProject;
			attributes = {
				BuildIndependentTargetsInParallel = 1;
				LastSwiftUpdateCheck = 2660;
				LastUpgradeCheck = 2660;
				TargetAttributes = {
					B33723793033FA8F004E3347 = {
						CreatedOnToolsVersion = 26.6;
					};
					B33723863033FA91004E3347 = {
						CreatedOnToolsVersion = 26.6;
						TestTargetID = B33723793033FA8F004E3347;
					};
					B33723903033FA91004E3347 = {
						CreatedOnToolsVersion = 26.6;
						TestTargetID = B33723793033FA8F004E3347;
					};
				};
			};
			buildConfigurationList = B33723753033FA8F004E3347 /* Build configuration list for PBXProject "Drink More Water" */;
			developmentRegion = en;
			hasScannedForEncodings = 0;
			knownRegions = (
				en,
				Base,
			);
			mainGroup = B33723713033FA8F004E3347;
			minimizedProjectReferenceProxies = 1;
			preferredProjectObjectVersion = 77;
			productRefGroup = B337237B3033FA8F004E3347 /* Products */;
			projectDirPath = "";
			projectRoot = "";
			targets = (
				B33723793033FA8F004E3347 /* Drink More Water */,
				B33723863033FA91004E3347 /* Drink More WaterTests */,
				B33723903033FA91004E3347 /* Drink More WaterUITests */,
			);
		};
/* End PBXProject section */

/* Begin PBXResourcesBuildPhase section */
		B33723783033FA8F004E3347 /* Resources */ = {
			isa = PBXResourcesBuildPhase;
			buildActionMask = 2147483647;
			files = (
				B3700D9A30369F99007D84B4 /* Drum3.caf in Resources */,
				B3700D9B30369F99007D84B4 /* Drum1.caf in Resources */,
				B3700D9C30369F99007D84B4 /* Drum2.caf in Resources */,
				B3700D9D30369F99007D84B4 /* Drink4.caf in Resources */,
				B3700D9E30369F99007D84B4 /* Drink3.caf in Resources */,
				B3700D9F30369F99007D84B4 /* Drink1.caf in Resources */,
				B3700DA030369F99007D84B4 /* Drink2.caf in Resources */,
			);
			runOnlyForDeploymentPostprocessing = 0;
		};
		B33723853033FA91004E3347 /* Resources */ = {
			isa = PBXResourcesBuildPhase;
			buildActionMask = 2147483647;
			files = (
			);
			runOnlyForDeploymentPostprocessing = 0;
		};
		B337238F3033FA91004E3347 /* Resources */ = {
			isa = PBXResourcesBuildPhase;
			buildActionMask = 2147483647;
			files = (
			);
			runOnlyForDeploymentPostprocessing = 0;
		};
/* End PBXResourcesBuildPhase section */

/* Begin PBXSourcesBuildPhase section */
		B33723763033FA8F004E3347 /* Sources */ = {
			isa = PBXSourcesBuildPhase;
			buildActionMask = 2147483647;
			files = (
			);
			runOnlyForDeploymentPostprocessing = 0;
		};
		B33723833033FA91004E3347 /* Sources */ = {
			isa = PBXSourcesBuildPhase;
			buildActionMask = 2147483647;
			files = (
			);
			runOnlyForDeploymentPostprocessing = 0;
		};
		B337238D3033FA91004E3347 /* Sources */ = {
			isa = PBXSourcesBuildPhase;
			buildActionMask = 2147483647;
			files = (
			);
			runOnlyForDeploymentPostprocessing = 0;
		};
/* End PBXSourcesBuildPhase section */

/* Begin PBXTargetDependency section */
		B33723893033FA91004E3347 /* PBXTargetDependency */ = {
			isa = PBXTargetDependency;
			target = B33723793033FA8F004E3347 /* Drink More Water */;
			targetProxy = B33723883033FA91004E3347 /* PBXContainerItemProxy */;
		};
		B33723933033FA91004E3347 /* PBXTargetDependency */ = {
			isa = PBXTargetDependency;
			target = B33723793033FA8F004E3347 /* Drink More Water */;
			targetProxy = B33723923033FA91004E3347 /* PBXContainerItemProxy */;
		};
/* End PBXTargetDependency section */

/* Begin XCBuildConfiguration section */
		B33723993033FA91004E3347 /* Debug */ = {
			isa = XCBuildConfiguration;
			buildSettings = {
				ALWAYS_SEARCH_USER_PATHS = NO;
				ASSETCATALOG_COMPILER_GENERATE_SWIFT_ASSET_SYMBOL_EXTENSIONS = YES;
				CLANG_ANALYZER_NONNULL = YES;
				CLANG_ANALYZER_NUMBER_OBJECT_CONVERSION = YES_AGGRESSIVE;
				CLANG_CXX_LANGUAGE_STANDARD = "gnu++20";
				CLANG_ENABLE_MODULES = YES;
				CLANG_ENABLE_OBJC_ARC = YES;
				CLANG_ENABLE_OBJC_WEAK = YES;
				CLANG_WARN_BLOCK_CAPTURE_AUTORELEASING = YES;
				CLANG_WARN_BOOL_CONVERSION = YES;
				CLANG_WARN_COMMA = YES;
				CLANG_WARN_CONSTANT_CONVERSION = YES;
				CLANG_WARN_DEPRECATED_OBJC_IMPLEMENTATIONS = YES;
				CLANG_WARN_DIRECT_OBJC_ISA_USAGE = YES_ERROR;
				CLANG_WARN_DOCUMENTATION_COMMENTS = YES;
				CLANG_WARN_EMPTY_BODY = YES;
				CLANG_WARN_ENUM_CONVERSION = YES;
				CLANG_WARN_INFINITE_RECURSION = YES;
				CLANG_WARN_INT_CONVERSION = YES;
				CLANG_WARN_NON_LITERAL_NULL_CONVERSION = YES;
				CLANG_WARN_OBJC_IMPLICIT_RETAIN_SELF = YES;
				CLANG_WARN_OBJC_LITERAL_CONVERSION = YES;
				CLANG_WARN_OBJC_ROOT_CLASS = YES_ERROR;
				CLANG_WARN_QUOTED_INCLUDE_IN_FRAMEWORK_HEADER = YES;
				CLANG_WARN_RANGE_LOOP_ANALYSIS = YES;
				CLANG_WARN_STRICT_PROTOTYPES = YES;
				CLANG_WARN_SUSPICIOUS_MOVE = YES;
				CLANG_WARN_UNGUARDED_AVAILABILITY = YES_AGGRESSIVE;
				CLANG_WARN_UNREACHABLE_CODE = YES;
				CLANG_WARN__DUPLICATE_METHOD_MATCH = YES;
				COPY_PHASE_STRIP = NO;
				DEBUG_INFORMATION_FORMAT = dwarf;
				DEVELOPMENT_TEAM = R897H75XV4;
				ENABLE_STRICT_OBJC_MSGSEND = YES;
				ENABLE_TESTABILITY = YES;
				ENABLE_USER_SCRIPT_SANDBOXING = YES;
				GCC_C_LANGUAGE_STANDARD = gnu17;
				GCC_DYNAMIC_NO_PIC = NO;
				GCC_NO_COMMON_BLOCKS = YES;
				GCC_OPTIMIZATION_LEVEL = 0;
				GCC_PREPROCESSOR_DEFINITIONS = (
					"DEBUG=1",
					"$(inherited)",
				);
				GCC_WARN_64_TO_32_BIT_CONVERSION = YES;
				GCC_WARN_ABOUT_RETURN_TYPE = YES_ERROR;
				GCC_WARN_UNDECLARED_SELECTOR = YES;
				GCC_WARN_UNINITIALIZED_AUTOS = YES_AGGRESSIVE;
				GCC_WARN_UNUSED_FUNCTION = YES;
				GCC_WARN_UNUSED_VARIABLE = YES;
				IPHONEOS_DEPLOYMENT_TARGET = 26.5;
				LOCALIZATION_PREFERS_STRING_CATALOGS = YES;
				MTL_ENABLE_DEBUG_INFO = INCLUDE_SOURCE;
				MTL_FAST_MATH = YES;
				ONLY_ACTIVE_ARCH = YES;
				SDKROOT = iphoneos;
				SWIFT_ACTIVE_COMPILATION_CONDITIONS = "DEBUG $(inherited)";
				SWIFT_OPTIMIZATION_LEVEL = "-Onone";
			};
			name = Debug;
		};
		B337239A3033FA91004E3347 /* Release */ = {
			isa = XCBuildConfiguration;
			buildSettings = {
				ALWAYS_SEARCH_USER_PATHS = NO;
				ASSETCATALOG_COMPILER_GENERATE_SWIFT_ASSET_SYMBOL_EXTENSIONS = YES;
				CLANG_ANALYZER_NONNULL = YES;
				CLANG_ANALYZER_NUMBER_OBJECT_CONVERSION = YES_AGGRESSIVE;
				CLANG_CXX_LANGUAGE_STANDARD = "gnu++20";
				CLANG_ENABLE_MODULES = YES;
				CLANG_ENABLE_OBJC_ARC = YES;
				CLANG_ENABLE_OBJC_WEAK = YES;
				CLANG_WARN_BLOCK_CAPTURE_AUTORELEASING = YES;
				CLANG_WARN_BOOL_CONVERSION = YES;
				CLANG_WARN_COMMA = YES;
				CLANG_WARN_CONSTANT_CONVERSION = YES;
				CLANG_WARN_DEPRECATED_OBJC_IMPLEMENTATIONS = YES;
				CLANG_WARN_DIRECT_OBJC_ISA_USAGE = YES_ERROR;
				CLANG_WARN_DOCUMENTATION_COMMENTS = YES;
				CLANG_WARN_EMPTY_BODY = YES;
				CLANG_WARN_ENUM_CONVERSION = YES;
				CLANG_WARN_INFINITE_RECURSION = YES;
				CLANG_WARN_INT_CONVERSION = YES;
				CLANG_WARN_NON_LITERAL_NULL_CONVERSION = YES;
				CLANG_WARN_OBJC_IMPLICIT_RETAIN_SELF = YES;
				CLANG_WARN_OBJC_LITERAL_CONVERSION = YES;
				CLANG_WARN_OBJC_ROOT_CLASS = YES_ERROR;
				CLANG_WARN_QUOTED_INCLUDE_IN_FRAMEWORK_HEADER = YES;
				CLANG_WARN_RANGE_LOOP_ANALYSIS = YES;
				CLANG_WARN_STRICT_PROTOTYPES = YES;
				CLANG_WARN_SUSPICIOUS_MOVE = YES;
				CLANG_WARN_UNGUARDED_AVAILABILITY = YES_AGGRESSIVE;
				CLANG_WARN_UNREACHABLE_CODE = YES;
				CLANG_WARN__DUPLICATE_METHOD_MATCH = YES;
				COPY_PHASE_STRIP = NO;
				DEBUG_INFORMATION_FORMAT = "dwarf-with-dsym";
				DEVELOPMENT_TEAM = R897H75XV4;
				ENABLE_NS_ASSERTIONS = NO;
				ENABLE_STRICT_OBJC_MSGSEND = YES;
				ENABLE_USER_SCRIPT_SANDBOXING = YES;
				GCC_C_LANGUAGE_STANDARD = gnu17;
				GCC_NO_COMMON_BLOCKS = YES;
				GCC_WARN_64_TO_32_BIT_CONVERSION = YES;
				GCC_WARN_ABOUT_RETURN_TYPE = YES_ERROR;
				GCC_WARN_UNDECLARED_SELECTOR = YES;
				GCC_WARN_UNINITIALIZED_AUTOS = YES_AGGRESSIVE;
				GCC_WARN_UNUSED_FUNCTION = YES;
				GCC_WARN_UNUSED_VARIABLE = YES;
				IPHONEOS_DEPLOYMENT_TARGET = 26.5;
				LOCALIZATION_PREFERS_STRING_CATALOGS = YES;
				MTL_ENABLE_DEBUG_INFO = NO;
				MTL_FAST_MATH = YES;
				SDKROOT = iphoneos;
				SWIFT_COMPILATION_MODE = wholemodule;
				VALIDATE_PRODUCT = YES;
			};
			name = Release;
		};
		B337239C3033FA91004E3347 /* Debug */ = {
			isa = XCBuildConfiguration;
			buildSettings = {
				ASSETCATALOG_COMPILER_APPICON_NAME = AppIcon;
				ASSETCATALOG_COMPILER_GLOBAL_ACCENT_COLOR_NAME = AccentColor;
				CODE_SIGN_STYLE = Automatic;
				CURRENT_PROJECT_VERSION = 1;
				DEVELOPMENT_TEAM = R897H75XV4;
				ENABLE_PREVIEWS = YES;
				GENERATE_INFOPLIST_FILE = YES;
				INFOPLIST_KEY_UIApplicationSceneManifest_Generation = YES;
				INFOPLIST_KEY_UIApplicationSupportsIndirectInputEvents = YES;
				INFOPLIST_KEY_UILaunchScreen_Generation = YES;
				INFOPLIST_KEY_UISupportedInterfaceOrientations_iPad = "UIInterfaceOrientationPortrait UIInterfaceOrientationPortraitUpsideDown UIInterfaceOrientationLandscapeLeft UIInterfaceOrientationLandscapeRight";
				INFOPLIST_KEY_UISupportedInterfaceOrientations_iPhone = "UIInterfaceOrientationPortrait UIInterfaceOrientationLandscapeLeft UIInterfaceOrientationLandscapeRight";
				LD_RUNPATH_SEARCH_PATHS = (
					"$(inherited)",
					"@executable_path/Frameworks",
				);
				MARKETING_VERSION = 1.0;
				PRODUCT_BUNDLE_IDENTIFIER = "Hoaglun.com.Drink-More-Water";
				PRODUCT_NAME = "$(TARGET_NAME)";
				STRING_CATALOG_GENERATE_SYMBOLS = YES;
				SWIFT_APPROACHABLE_CONCURRENCY = YES;
				SWIFT_DEFAULT_ACTOR_ISOLATION = MainActor;
				SWIFT_EMIT_LOC_STRINGS = YES;
				SWIFT_UPCOMING_FEATURE_MEMBER_IMPORT_VISIBILITY = YES;
				SWIFT_VERSION = 5.0;
				TARGETED_DEVICE_FAMILY = "1,2";
			};
			name = Debug;
		};
		B337239D3033FA91004E3347 /* Release */ = {
			isa = XCBuildConfiguration;
			buildSettings = {
				ASSETCATALOG_COMPILER_APPICON_NAME = AppIcon;
				ASSETCATALOG_COMPILER_GLOBAL_ACCENT_COLOR_NAME = AccentColor;
				CODE_SIGN_STYLE = Automatic;
				CURRENT_PROJECT_VERSION = 1;
				DEVELOPMENT_TEAM = R897H75XV4;
				ENABLE_PREVIEWS = YES;
				GENERATE_INFOPLIST_FILE = YES;
				INFOPLIST_KEY_UIApplicationSceneManifest_Generation = YES;
				INFOPLIST_KEY_UIApplicationSupportsIndirectInputEvents = YES;
				INFOPLIST_KEY_UILaunchScreen_Generation = YES;
				INFOPLIST_KEY_UISupportedInterfaceOrientations_iPad = "UIInterfaceOrientationPortrait UIInterfaceOrientationPortraitUpsideDown UIInterfaceOrientationLandscapeLeft UIInterfaceOrientationLandscapeRight";
				INFOPLIST_KEY_UISupportedInterfaceOrientations_iPhone = "UIInterfaceOrientationPortrait UIInterfaceOrientationLandscapeLeft UIInterfaceOrientationLandscapeRight";
				LD_RUNPATH_SEARCH_PATHS = (
					"$(inherited)",
					"@executable_path/Frameworks",
				);
				MARKETING_VERSION = 1.0;
				PRODUCT_BUNDLE_IDENTIFIER = "Hoaglun.com.Drink-More-Water";
				PRODUCT_NAME = "$(TARGET_NAME)";
				STRING_CATALOG_GENERATE_SYMBOLS = YES;
				SWIFT_APPROACHABLE_CONCURRENCY = YES;
				SWIFT_DEFAULT_ACTOR_ISOLATION = MainActor;
				SWIFT_EMIT_LOC_STRINGS = YES;
				SWIFT_UPCOMING_FEATURE_MEMBER_IMPORT_VISIBILITY = YES;
				SWIFT_VERSION = 5.0;
				TARGETED_DEVICE_FAMILY = "1,2";
			};
			name = Release;
		};
		B337239F3033FA91004E3347 /* Debug */ = {
			isa = XCBuildConfiguration;
			buildSettings = {
				BUNDLE_LOADER = "$(TEST_HOST)";
				CODE_SIGN_STYLE = Automatic;
				CURRENT_PROJECT_VERSION = 1;
				DEVELOPMENT_TEAM = R897H75XV4;
				GENERATE_INFOPLIST_FILE = YES;
				IPHONEOS_DEPLOYMENT_TARGET = 26.5;
				MARKETING_VERSION = 1.0;
				PRODUCT_BUNDLE_IDENTIFIER = "Hoaglun.com.Drink-More-WaterTests";
				PRODUCT_NAME = "$(TARGET_NAME)";
				STRING_CATALOG_GENERATE_SYMBOLS = NO;
				SWIFT_APPROACHABLE_CONCURRENCY = YES;
				SWIFT_EMIT_LOC_STRINGS = NO;
				SWIFT_UPCOMING_FEATURE_MEMBER_IMPORT_VISIBILITY = YES;
				SWIFT_VERSION = 5.0;
				TARGETED_DEVICE_FAMILY = "1,2";
				TEST_HOST = "$(BUILT_PRODUCTS_DIR)/Drink More Water.app/$(BUNDLE_EXECUTABLE_FOLDER_PATH)/Drink More Water";
			};
			name = Debug;
		};
		B33723A03033FA91004E3347 /* Release */ = {
			isa = XCBuildConfiguration;
			buildSettings = {
				BUNDLE_LOADER = "$(TEST_HOST)";
				CODE_SIGN_STYLE = Automatic;
				CURRENT_PROJECT_VERSION = 1;
				DEVELOPMENT_TEAM = R897H75XV4;
				GENERATE_INFOPLIST_FILE = YES;
				IPHONEOS_DEPLOYMENT_TARGET = 26.5;
				MARKETING_VERSION = 1.0;
				PRODUCT_BUNDLE_IDENTIFIER = "Hoaglun.com.Drink-More-WaterTests";
				PRODUCT_NAME = "$(TARGET_NAME)";
				STRING_CATALOG_GENERATE_SYMBOLS = NO;
				SWIFT_APPROACHABLE_CONCURRENCY = YES;
				SWIFT_EMIT_LOC_STRINGS = NO;
				SWIFT_UPCOMING_FEATURE_MEMBER_IMPORT_VISIBILITY = YES;
				SWIFT_VERSION = 5.0;
				TARGETED_DEVICE_FAMILY = "1,2";
				TEST_HOST = "$(BUILT_PRODUCTS_DIR)/Drink More Water.app/$(BUNDLE_EXECUTABLE_FOLDER_PATH)/Drink More Water";
			};
			name = Release;
		};
		B33723A23033FA91004E3347 /* Debug */ = {
			isa = XCBuildConfiguration;
			buildSettings = {
				CODE_SIGN_STYLE = Automatic;
				CURRENT_PROJECT_VERSION = 1;
				DEVELOPMENT_TEAM = R897H75XV4;
				GENERATE_INFOPLIST_FILE = YES;
				MARKETING_VERSION = 1.0;
				PRODUCT_BUNDLE_IDENTIFIER = "Hoaglun.com.Drink-More-WaterUITests";
				PRODUCT_NAME = "$(TARGET_NAME)";
				STRING_CATALOG_GENERATE_SYMBOLS = NO;
				SWIFT_APPROACHABLE_CONCURRENCY = YES;
				SWIFT_EMIT_LOC_STRINGS = NO;
				SWIFT_UPCOMING_FEATURE_MEMBER_IMPORT_VISIBILITY = YES;
				SWIFT_VERSION = 5.0;
				TARGETED_DEVICE_FAMILY = "1,2";
				TEST_TARGET_NAME = "Drink More Water";
			};
			name = Debug;
		};
		B33723A33033FA91004E3347 /* Release */ = {
			isa = XCBuildConfiguration;
			buildSettings = {
				CODE_SIGN_STYLE = Automatic;
				CURRENT_PROJECT_VERSION = 1;
				DEVELOPMENT_TEAM = R897H75XV4;
				GENERATE_INFOPLIST_FILE = YES;
				MARKETING_VERSION = 1.0;
				PRODUCT_BUNDLE_IDENTIFIER = "Hoaglun.com.Drink-More-WaterUITests";
				PRODUCT_NAME = "$(TARGET_NAME)";
				STRING_CATALOG_GENERATE_SYMBOLS = NO;
				SWIFT_APPROACHABLE_CONCURRENCY = YES;
				SWIFT_EMIT_LOC_STRINGS = NO;
				SWIFT_UPCOMING_FEATURE_MEMBER_IMPORT_VISIBILITY = YES;
				SWIFT_VERSION = 5.0;
				TARGETED_DEVICE_FAMILY = "1,2";
				TEST_TARGET_NAME = "Drink More Water";
			};
			name = Release;
		};
/* End XCBuildConfiguration section */

/* Begin XCConfigurationList section */
		B33723753033FA8F004E3347 /* Build configuration list for PBXProject "Drink More Water" */ = {
			isa = XCConfigurationList;
			buildConfigurations = (
				B33723993033FA91004E3347 /* Debug */,
				B337239A3033FA91004E3347 /* Release */,
			);
			defaultConfigurationIsVisible = 0;
			defaultConfigurationName = Release;
		};
		B337239B3033FA91004E3347 /* Build configuration list for PBXNativeTarget "Drink More Water" */ = {
			isa = XCConfigurationList;
			buildConfigurations = (
				B337239C3033FA91004E3347 /* Debug */,
				B337239D3033FA91004E3347 /* Release */,
			);
			defaultConfigurationIsVisible = 0;
			defaultConfigurationName = Release;
		};
		B337239E3033FA91004E3347 /* Build configuration list for PBXNativeTarget "Drink More WaterTests" */ = {
			isa = XCConfigurationList;
			buildConfigurations = (
				B337239F3033FA91004E3347 /* Debug */,
				B33723A03033FA91004E3347 /* Release */,
			);
			defaultConfigurationIsVisible = 0;
			defaultConfigurationName = Release;
		};
		B33723A13033FA91004E3347 /* Build configuration list for PBXNativeTarget "Drink More WaterUITests" */ = {
			isa = XCConfigurationList;
			buildConfigurations = (
				B33723A23033FA91004E3347 /* Debug */,
				B33723A33033FA91004E3347 /* Release */,
			);
			defaultConfigurationIsVisible = 0;
			defaultConfigurationName = Release;
		};
/* End XCConfigurationList section */
	};
	rootObject = B33723723033FA8F004E3347 /* Project object */;
}
